
Microsoft Visual Studio Solution File, Format Version 12.00
# Visual Studio Version 17
VisualStudioVersion = 17.5.33424.131
MinimumVisualStudioVersion = 10.0.40219.1
Project("{F184B08F-C81C-45F6-A57F-5ABD9991F28F}") = "vbmsaccess", "vbmsaccess.vbproj", "{8E5A2D44-52B0-420D-A983-69E4844C6E95}"
EndProject
Global
	GlobalSection(SolutionConfigurationPlatforms) = preSolution
		Debug|Any CPU = Debug|Any CPU
		Release|Any CPU = Release|Any CPU
	EndGlobalSection
	GlobalSection(ProjectConfigurationPlatforms) = postSolution
		{8E5A2D44-52B0-420D-A983-69E4844C6E95}.Debug|Any CPU.ActiveCfg = Debug|Any CPU
		{8E5A2D44-52B0-420D-A983-69E4844C6E95}.Debug|Any CPU.Build.0 = Debug|Any CPU
		{8E5A2D44-52B0-420D-A983-69E4844C6E95}.Release|Any CPU.ActiveCfg = Release|Any CPU
		{8E5A2D44-52B0-420D-A983-69E4844C6E95}.Release|Any CPU.Build.0 = Release|Any CPU
	EndGlobalSection
	GlobalSection(SolutionProperties) = preSolution
		HideSolutionNode = FALSE
	EndGlobalSection
	GlobalSection(ExtensibilityGlobals) = postSolution
		SolutionGuid = {F83CA4B0-3806-4A08-898A-A433AED9EFA6}
	EndGlobalSection
EndGlobal
